<?xml version="1.0" encoding="utf-8"?>
<Project ToolsVersion="4.0" xmlns="http://schemas.microsoft.com/developer/msbuild/2003">
  <ItemGroup>
    <Filter Include="Source Files">
      <UniqueIdentifier>{4FC737F1-C7A5-4376-A066-2A32D752A2FF}</UniqueIdentifier>
      <Extensions>cpp;c;cc;cxx;def;odl;idl;hpj;bat;asm;asmx</Extensions>
    </Filter>
    <Filter Include="Header Files">
      <UniqueIdentifier>{93995380-89BD-4b04-88EB-625FBE52EBFB}</UniqueIdentifier>
      <Extensions>h;hh;hpp;hxx;hm;inl;inc;ipp;xsd</Extensions>
    </Filter>
    <Filter Include="Resource Files">
      <UniqueIdentifier>{67DA6AB6-F800-4c08-8B7A-83BB121AAD01}</UniqueIdentifier>
      <Extensions>rc;ico;cur;bmp;dlg;rc2;rct;bin;rgs;gif;jpg;jpeg;jpe;resx;tiff;tif;png;wav;mfcribbon-ms</Extensions>
    </Filter>
  </ItemGroup>
  <ItemGroup>
    <None Include=".gitattributes" />
    <None Include=".gitignore" />
    <None Include="lua51.dll" />
    <None Include="imgui.ini" />
    <None Include="res\core\shaders\atmosphere\atmo.fs" />
    <None Include="res\core\shaders\atmosphere\atmo.vs" />
    <None Include="res\core\shaders\atmosphere\cheap.fs" />
    <None Include="res\core\shaders\atmosphere\cheap.vs" />
    <None Include="res\core\shaders\atmosphere\clouds0.fs" />
    <None Include="res\core\shaders\atmosphere\clouds0.vs" />
    <None Include="res\core\shaders\planet\tile.fs" />
    <None Include="res\core\shaders\planet\tile.vs" />
    <None Include="res\core\shaders\planet\water.fs" />
    <None Include="res\core\shaders\planet\water.vs" />
    <None Include="res\core\shaders\ui\navball.fs" />
    <None Include="res\core\shaders\ui\navball.vs" />
    <None Include="res\core\shaders\debug.fs" />
    <None Include="res\core\shaders\debug.vs" />
    <None Include="res\core\default_gas.toml" />
    <None Include="res\core\package.toml" />
    <None Include="res\rss\planets\earth\config.toml" />
    <None Include="res\rss\planets\earth\surface.lua" />
    <None Include="res\rss\planets\mars\config.toml" />
    <None Include="res\rss\planets\mars\surface.lua" />
    <None Include="res\rss\planets\test_gas\config.toml" />
    <None Include="res\rss\package.toml" />
    <None Include="res\navball\navball.toml" />
    <None Include="res\assimp_test\package.toml" />
    <None Include="res\assimp_test\test\test.blend.toml" />
    <None Include="res\assimp_test\test\part_test.toml" />
    <None Include="res\assimp_test\materials\mat_test.toml" />
    <None Include="res\core\mat_default.toml" />
    <None Include="res\test_script.lua" />
    <None Include="lua_examples\glm\tests.lua" />
    <None Include=".gitmodules" />
    <None Include="settings.toml" />
    <None Include="res\core\shaders\fullscreen\fullscreen.vs" />
    <None Include="res\core\shaders\fullscreen\fullscreen.fs" />
  </ItemGroup>
  <ItemGroup>
    <ClCompile Include="src\util\Logger.cpp">
      <Filter>Source Files</Filter>
    </ClCompile>
    <ClCompile Include="src\universe\Universe.cpp">
      <Filter>Source Files</Filter>
    </ClCompile>
    <ClCompile Include="dep\imgui\imgui.cpp">
      <Filter>Source Files</Filter>
    </ClCompile>
    <ClCompile Include="dep\imgui\imgui_draw.cpp">
      <Filter>Source Files</Filter>
    </ClCompile>
    <ClCompile Include="dep\imgui\imgui_impl_glfw.cpp">
      <Filter>Source Files</Filter>
    </ClCompile>
    <ClCompile Include="dep\imgui\imgui_impl_opengl3.cpp">
      <Filter>Source Files</Filter>
    </ClCompile>
    <ClCompile Include="dep\glad\glad.c">
      <Filter>Source Files</Filter>
    </ClCompile>
    <ClCompile Include="src\planet_mesher\quadtree\QuadTreeNode.cpp">
      <Filter>Source Files</Filter>
    </ClCompile>
    <ClCompile Include="src\planet_mesher\quadtree\QuadTreePlanet.cpp">
      <Filter>Source Files</Filter>
    </ClCompile>
    <ClCompile Include="src\util\MathUtil.cpp">
      <Filter>Source Files</Filter>
    </ClCompile>
    <ClCompile Include="src\planet_mesher\mesher\PlanetTileServer.cpp">
      <Filter>Source Files</Filter>
    </ClCompile>
    <ClCompile Include="src\planet_mesher\mesher\PlanetTile.cpp">
      <Filter>Source Files</Filter>
    </ClCompile>
    <ClCompile Include="src\planet_mesher\mesher\PlanetTilePath.cpp">
      <Filter>Source Files</Filter>
    </ClCompile>
    <ClCompile Include="src\util\Timer.cpp">
      <Filter>Source Files</Filter>
    </ClCompile>
    <ClCompile Include="src\planet_mesher\renderer\PlanetRenderer.cpp">
      <Filter>Source Files</Filter>
    </ClCompile>
    <ClCompile Include="src\assets\Shader.cpp">
      <Filter>Source Files</Filter>
    </ClCompile>
    <ClCompile Include="src\assets\AssetManager.cpp">
      <Filter>Source Files</Filter>
    </ClCompile>
    <ClCompile Include="src\tools\planet_editor\PlanetEditor.cpp">
      <Filter>Source Files</Filter>
    </ClCompile>
    <ClCompile Include="dep\imgui\imgui_widgets.cpp">
      <Filter>Source Files</Filter>
    </ClCompile>
    <ClCompile Include="dep\imgui\imgui_demo.cpp">
      <Filter>Source Files</Filter>
    </ClCompile>
    <ClCompile Include="src\tools\planet_editor\EditorCamera.h">
      <Filter>Source Files</Filter>
    </ClCompile>
    <ClCompile Include="dep\FastNoise\FastNoise.cpp">
      <Filter>Source Files</Filter>
    </ClCompile>
    <ClCompile Include="src\atmosphere\AtmosphereRenderer.cpp">
      <Filter>Source Files</Filter>
    </ClCompile>
    <ClCompile Include="src\universe\PlanetarySystem.cpp">
      <Filter>Source Files</Filter>
    </ClCompile>
    <ClCompile Include="src\universe\kepler\KeplerElements.cpp">
      <Filter>Source Files</Filter>
    </ClCompile>
    <ClCompile Include="src\renderer\PlanetaryBodyRenderer.cpp">
      <Filter>Source Files</Filter>
    </ClCompile>
    <ClCompile Include="src\renderer\camera\MapCamera.cpp">
      <Filter>Source Files</Filter>
    </ClCompile>
    <ClCompile Include="src\util\DebugDrawer.cpp">
      <Filter>Source Files</Filter>
    </ClCompile>
    <ClCompile Include="src\universe\Date.cpp">
      <Filter>Source Files</Filter>
    </ClCompile>
    <ClCompile Include="src\assets\Image.cpp">
      <Filter>Source Files</Filter>
    </ClCompile>
    <ClCompile Include="dep\stb\stb_impl.cpp">
      <Filter>Source Files</Filter>
    </ClCompile>
    <ClCompile Include="src\universe\vessel\Vessel.cpp">
      <Filter>Source Files</Filter>
    </ClCompile>
    <ClCompile Include="src\universe\propagator\RK4Interpolated.cpp">
      <Filter>Source Files</Filter>
    </ClCompile>
    <ClCompile Include="src\game\ui\Navball.cpp">
      <Filter>Source Files</Filter>
    </ClCompile>
    <ClCompile Include="src\util\render\Framebuffer.cpp">
      <Filter>Source Files</Filter>
    </ClCompile>
    <ClCompile Include="src\util\render\TextureDrawer.cpp">
      <Filter>Source Files</Filter>
    </ClCompile>
    <ClCompile Include="src\universe\SystemPointer.cpp">
      <Filter>Source Files</Filter>
    </ClCompile>
    <ClCompile Include="src\assets\Config.cpp">
      <Filter>Source Files</Filter>
    </ClCompile>
    <ClCompile Include="src\universe\element\body\PlanetaryBody.cpp">
      <Filter>Source Files</Filter>
    </ClCompile>
    <ClCompile Include="src\universe\element\SystemElement.cpp">
      <Filter>Source Files</Filter>
    </ClCompile>
    <ClCompile Include="src\util\render\TextDrawer.cpp">
      <Filter>Source Files</Filter>
    </ClCompile>
    <ClCompile Include="src\renderer\Renderer.cpp">
      <Filter>Source Files</Filter>
    </ClCompile>
    <ClCompile Include="src\assets\BitmapFont.cpp">
      <Filter>Source Files</Filter>
    </ClCompile>
    <ClCompile Include="src\universe\ReferenceFrame.cpp">
      <Filter>Source Files</Filter>
    </ClCompile>
    <ClCompile Include="src\universe\predictor\OrbitPredictor.cpp">
      <Filter>Source Files</Filter>
    </ClCompile>
    <ClCompile Include="src\universe\predictor\PredictionDrawer.cpp">
      <Filter>Source Files</Filter>
    </ClCompile>
    <ClCompile Include="src\renderer\camera\SimpleCamera.cpp">
      <Filter>Source Files</Filter>
    </ClCompile>
    <ClCompile Include="src\vehicle\Vehicle.cpp">
      <Filter>Source Files</Filter>
    </ClCompile>
    <ClCompile Include="src\vehicle\part\Part.cpp">
      <Filter>Source Files</Filter>
    </ClCompile>
    <ClCompile Include="src\vehicle\part\Piece.cpp">
      <Filter>Source Files</Filter>
    </ClCompile>
    <ClCompile Include="src\assets\Model.cpp">
      <Filter>Source Files</Filter>
    </ClCompile>
    <ClCompile Include="src\assets\Material.cpp">
      <Filter>Source Files</Filter>
    </ClCompile>
    <ClCompile Include="src\vehicle\part\Machine.cpp">
      <Filter>Source Files</Filter>
    </ClCompile>
    <ClCompile Include="src\lua\libs\LuaLogger.cpp">
      <Filter>Source Files</Filter>
    </ClCompile>
    <ClCompile Include="src\lua\libs\LuaGlm.cpp">
      <Filter>Source Files</Filter>
    </ClCompile>
    <ClCompile Include="src\lua\LuaCore.cpp">
      <Filter>Source Files</Filter>
    </ClCompile>
    <ClCompile Include="src\lua\libs\LuaNoise.cpp">
      <Filter>Source Files</Filter>
    </ClCompile>
    <ClCompile Include="src\lua\libs\LuaImage.cpp">
      <Filter>Source Files</Filter>
    </ClCompile>
    <ClCompile Include="src\lua\libs\LuaAssets.cpp">
      <Filter>Source Files</Filter>
    </ClCompile>
    <ClCompile Include="src\tools\part_viewer\PartViewer.cpp">
      <Filter>Source Files</Filter>
    </ClCompile>
    <ClCompile Include="src\assets\PartPrototype.cpp">
      <Filter>Source Files</Filter>
    </ClCompile>
    <ClCompile Include="src\vehicle\part\link\SimpleLink.cpp">
      <Filter>Source Files</Filter>
    </ClCompile>
    <ClCompile Include="src\VehicleInWorld.cpp">
      <Filter>Source Files</Filter>
    </ClCompile>
    <ClCompile Include="src\physics\ground\GroundShape.cpp">
      <Filter>Source Files</Filter>
    </ClCompile>
    <ClCompile Include="src\physics\ground\GroundShapeServer.cpp">
      <Filter>Source Files</Filter>
    </ClCompile>
    <ClCompile Include="src\EditorMain.cpp">
      <Filter>Source Files</Filter>
    </ClCompile>
    <ClCompile Include="src\Main.cpp">
      <Filter>Source Files</Filter>
    </ClCompile>
    <ClCompile Include="src\PartViewerMain.cpp">
      <Filter>Source Files</Filter>
    </ClCompile>
    <ClCompile Include="src\renderer\GBuffer.cpp">
      <Filter>Source Files</Filter>
    </ClCompile>
  </ItemGroup>
  <ItemGroup>
    <ClInclude Include="dep\sol.hpp">
      <Filter>Header Files</Filter>
    </ClInclude>
    <ClInclude Include="src\util\Logger.h">
      <Filter>Header Files</Filter>
    </ClInclude>
    <ClInclude Include="dep\rang.hpp">
      <Filter>Header Files</Filter>
    </ClInclude>
    <ClInclude Include="src\universe\Universe.h">
      <Filter>Header Files</Filter>
    </ClInclude>
    <ClInclude Include="dep\imgui\imconfig.h">
      <Filter>Header Files</Filter>
    </ClInclude>
    <ClInclude Include="dep\imgui\imgui.h">
      <Filter>Header Files</Filter>
    </ClInclude>
    <ClInclude Include="dep\imgui\imgui_impl_glfw.h">
      <Filter>Header Files</Filter>
    </ClInclude>
    <ClInclude Include="dep\imgui\imgui_impl_opengl3.h">
      <Filter>Header Files</Filter>
    </ClInclude>
    <ClInclude Include="dep\imgui\imgui_internal.h">
      <Filter>Header Files</Filter>
    </ClInclude>
    <ClInclude Include="dep\imgui\stb_rect_pack.h">
      <Filter>Header Files</Filter>
    </ClInclude>
    <ClInclude Include="dep\imgui\stb_textedit.h">
      <Filter>Header Files</Filter>
    </ClInclude>
    <ClInclude Include="dep\imgui\stb_truetype.h">
      <Filter>Header Files</Filter>
    </ClInclude>
    <ClInclude Include="dep\glad\glad.h">
      <Filter>Header Files</Filter>
    </ClInclude>
    <ClInclude Include="dep\glad\KHR.h">
      <Filter>Header Files</Filter>
    </ClInclude>
    <ClInclude Include="src\planet_mesher\quadtree\QuadTreeNode.h">
      <Filter>Header Files</Filter>
    </ClInclude>
    <ClInclude Include="src\planet_mesher\quadtree\QuadTreePlanet.h">
      <Filter>Header Files</Filter>
    </ClInclude>
    <ClInclude Include="src\planet_mesher\quadtree\QuadTreeDefines.h">
      <Filter>Header Files</Filter>
    </ClInclude>
    <ClInclude Include="src\util\MathUtil.h">
      <Filter>Header Files</Filter>
    </ClInclude>
    <ClInclude Include="src\planet_mesher\mesher\PlanetTileServer.h">
      <Filter>Header Files</Filter>
    </ClInclude>
    <ClInclude Include="src\util\ThreadUtil.h">
      <Filter>Header Files</Filter>
    </ClInclude>
    <ClInclude Include="src\planet_mesher\mesher\PlanetTilePath.h">
      <Filter>Header Files</Filter>
    </ClInclude>
    <ClInclude Include="src\util\defines.h">
      <Filter>Header Files</Filter>
    </ClInclude>
    <ClInclude Include="src\planet_mesher\mesher\PlanetTile.h">
      <Filter>Header Files</Filter>
    </ClInclude>
    <ClInclude Include="src\util\Timer.h">
      <Filter>Header Files</Filter>
    </ClInclude>
    <ClInclude Include="src\planet_mesher\renderer\PlanetRenderer.h">
      <Filter>Header Files</Filter>
    </ClInclude>
    <ClInclude Include="src\assets\Shader.h">
      <Filter>Header Files</Filter>
    </ClInclude>
    <ClInclude Include="src\assets\AssetManager.h">
      <Filter>Header Files</Filter>
    </ClInclude>
    <ClInclude Include="src\tools\planet_editor\PlanetEditor.h">
      <Filter>Header Files</Filter>
    </ClInclude>
    <ClInclude Include="dep\imgui\imstb_rectpack.h">
      <Filter>Header Files</Filter>
    </ClInclude>
    <ClInclude Include="dep\imgui\imstb_textedit.h">
      <Filter>Header Files</Filter>
    </ClInclude>
    <ClInclude Include="dep\imgui\imstb_truetype.h">
      <Filter>Header Files</Filter>
    </ClInclude>
    <ClInclude Include="dep\cpptoml.h">
      <Filter>Header Files</Filter>
    </ClInclude>
    <ClInclude Include="src\util\SerializeUtil.h">
      <Filter>Header Files</Filter>
    </ClInclude>
    <ClInclude Include="src\util\serializers\glm.h">
      <Filter>Header Files</Filter>
    </ClInclude>
    <ClInclude Include="src\util\FileWatcher.h">
      <Filter>Header Files</Filter>
    </ClInclude>
    <ClInclude Include="src\util\InputUtil.h">
      <Filter>Header Files</Filter>
    </ClInclude>
    <ClInclude Include="dep\FastNoise\FastNoise.h">
      <Filter>Header Files</Filter>
    </ClInclude>
    <ClInclude Include="src\atmosphere\AtmosphereRenderer.h">
      <Filter>Header Files</Filter>
    </ClInclude>
    <ClInclude Include="src\util\geometry\SphereGeometry.h">
      <Filter>Header Files</Filter>
    </ClInclude>
    <ClInclude Include="src\universe\PlanetarySystem.h">
      <Filter>Header Files</Filter>
    </ClInclude>
    <ClInclude Include="src\universe\kepler\KeplerElements.h">
      <Filter>Header Files</Filter>
    </ClInclude>
    <ClInclude Include="src\universe\PlanetarySystemSerializer.h">
      <Filter>Header Files</Filter>
    </ClInclude>
    <ClInclude Include="src\renderer\PlanetaryBodyRenderer.h">
      <Filter>Header Files</Filter>
    </ClInclude>
    <ClInclude Include="src\renderer\camera\MapCamera.h">
      <Filter>Header Files</Filter>
    </ClInclude>
    <ClInclude Include="src\util\DebugDrawer.h">
      <Filter>Header Files</Filter>
    </ClInclude>
    <ClInclude Include="src\universe\Date.h">
      <Filter>Header Files</Filter>
    </ClInclude>
    <ClInclude Include="src\assets\Image.h">
      <Filter>Header Files</Filter>
    </ClInclude>
    <ClInclude Include="dep\stb\stb_image.h">
      <Filter>Header Files</Filter>
    </ClInclude>
    <ClInclude Include="src\universe\vessel\Vessel.h">
      <Filter>Header Files</Filter>
    </ClInclude>
    <ClInclude Include="src\universe\propagator\SystemPropagator.h">
      <Filter>Header Files</Filter>
    </ClInclude>
    <ClInclude Include="src\universe\propagator\RK4Interpolated.h">
      <Filter>Header Files</Filter>
    </ClInclude>
    <ClInclude Include="src\universe\UniverseDefinitions.h">
      <Filter>Header Files</Filter>
    </ClInclude>
    <ClInclude Include="src\game\ui\Navball.h">
      <Filter>Header Files</Filter>
    </ClInclude>
    <ClInclude Include="src\util\render\Framebuffer.h">
      <Filter>Header Files</Filter>
    </ClInclude>
    <ClInclude Include="src\util\render\TextureDrawer.h">
      <Filter>Header Files</Filter>
    </ClInclude>
    <ClInclude Include="src\universe\SystemPointer.h">
      <Filter>Header Files</Filter>
    </ClInclude>
    <ClInclude Include="src\assets\Config.h">
      <Filter>Header Files</Filter>
    </ClInclude>
    <ClInclude Include="src\universe\element\body\config\AtmoConfig.h">
      <Filter>Header Files</Filter>
    </ClInclude>
    <ClInclude Include="src\universe\element\body\config\GasConfig.h">
      <Filter>Header Files</Filter>
    </ClInclude>
    <ClInclude Include="src\universe\element\body\config\PlanetConfig.h">
      <Filter>Header Files</Filter>
    </ClInclude>
    <ClInclude Include="src\universe\element\body\config\SurfaceConfig.h">
      <Filter>Header Files</Filter>
    </ClInclude>
    <ClInclude Include="src\universe\element\body\PlanetaryBody.h">
      <Filter>Header Files</Filter>
    </ClInclude>
    <ClInclude Include="src\universe\element\SystemElement.h">
      <Filter>Header Files</Filter>
    </ClInclude>
    <ClInclude Include="src\universe\element\barycenter\Barycenter.h">
      <Filter>Header Files</Filter>
    </ClInclude>
    <ClInclude Include="src\universe\element\star\Star.h">
      <Filter>Header Files</Filter>
    </ClInclude>
    <ClInclude Include="src\util\render\TextDrawer.h">
      <Filter>Header Files</Filter>
    </ClInclude>
    <ClInclude Include="src\renderer\Renderer.h">
      <Filter>Header Files</Filter>
    </ClInclude>
    <ClInclude Include="src\assets\BitmapFont.h">
      <Filter>Header Files</Filter>
    </ClInclude>
    <ClInclude Include="dep\utf8\utf8\checked.h">
      <Filter>Header Files</Filter>
    </ClInclude>
    <ClInclude Include="dep\utf8\utf8\core.h">
      <Filter>Header Files</Filter>
    </ClInclude>
    <ClInclude Include="dep\utf8\utf8\cpp11.h">
      <Filter>Header Files</Filter>
    </ClInclude>
    <ClInclude Include="dep\utf8\utf8\unchecked.h">
      <Filter>Header Files</Filter>
    </ClInclude>
    <ClInclude Include="dep\utf8\utf8.h">
      <Filter>Header Files</Filter>
    </ClInclude>
    <ClInclude Include="src\universe\ReferenceFrame.h">
      <Filter>Header Files</Filter>
    </ClInclude>
    <ClInclude Include="src\universe\predictor\OrbitPredictor.h">
      <Filter>Header Files</Filter>
    </ClInclude>
    <ClInclude Include="src\universe\predictor\PredictionDrawer.h">
      <Filter>Header Files</Filter>
    </ClInclude>
    <ClInclude Include="src\physics\debug\BulletDebugDrawer.h">
      <Filter>Header Files</Filter>
    </ClInclude>
    <ClInclude Include="src\physics\glm\BulletGlmCompat.h">
      <Filter>Header Files</Filter>
    </ClInclude>
    <ClInclude Include="src\renderer\camera\SimpleCamera.h">
      <Filter>Header Files</Filter>
    </ClInclude>
    <ClInclude Include="src\vehicle\Vehicle.h">
      <Filter>Header Files</Filter>
    </ClInclude>
    <ClInclude Include="src\vehicle\part\Part.h">
      <Filter>Header Files</Filter>
    </ClInclude>
    <ClInclude Include="src\vehicle\part\Piece.h">
      <Filter>Header Files</Filter>
    </ClInclude>
    <ClInclude Include="src\vehicle\part\link\Link.h">
      <Filter>Header Files</Filter>
    </ClInclude>
    <ClInclude Include="src\assets\Model.h">
      <Filter>Header Files</Filter>
    </ClInclude>
    <ClInclude Include="src\assets\Material.h">
      <Filter>Header Files</Filter>
    </ClInclude>
    <ClInclude Include="src\renderer\camera\CameraUniforms.h">
      <Filter>Header Files</Filter>
    </ClInclude>
    <ClInclude Include="src\vehicle\part\Machine.h">
      <Filter>Header Files</Filter>
    </ClInclude>
    <ClInclude Include="src\lua\libs\LuaLogger.h">
      <Filter>Header Files</Filter>
    </ClInclude>
    <ClInclude Include="src\lua\LuaLib.h">
      <Filter>Header Files</Filter>
    </ClInclude>
    <ClInclude Include="src\lua\libs\LuaGlm.h">
      <Filter>Header Files</Filter>
    </ClInclude>
    <ClInclude Include="src\lua\LuaCore.h">
      <Filter>Header Files</Filter>
    </ClInclude>
    <ClInclude Include="src\lua\libs\LuaNoise.h">
      <Filter>Header Files</Filter>
    </ClInclude>
    <ClInclude Include="src\lua\libs\LuaImage.h">
      <Filter>Header Files</Filter>
    </ClInclude>
    <ClInclude Include="src\lua\libs\LuaAssets.h">
      <Filter>Header Files</Filter>
    </ClInclude>
    <ClInclude Include="src\tools\part_viewer\PartViewer.h">
      <Filter>Header Files</Filter>
    </ClInclude>
    <ClInclude Include="src\assets\PartPrototype.h">
      <Filter>Header Files</Filter>
    </ClInclude>
    <ClInclude Include="src\vehicle\part\link\SimpleLink.h">
      <Filter>Header Files</Filter>
    </ClInclude>
    <ClInclude Include="src\renderer\lighting\LightingUniforms.h">
      <Filter>Header Files</Filter>
    </ClInclude>
    <ClInclude Include="src\physics\ground\GroundShape.h">
      <Filter>Header Files</Filter>
    </ClInclude>
    <ClInclude Include="src\physics\ground\GroundShapeServer.h">
      <Filter>Header Files</Filter>
    </ClInclude>
    <ClInclude Include="src\util\LuaUtil.h">
      <Filter>Header Files</Filter>
    </ClInclude>
    <ClInclude Include="src\renderer\GBuffer.h">
      <Filter>Header Files</Filter>
    </ClInclude>
  </ItemGroup>
  <ItemGroup>
    <Text Include="output.log" />
    <Text Include="CMakeLists.txt" />
  </ItemGroup>
</Project>