<?xml version="1.0" encoding="utf-8"?>
<Project ToolsVersion="4.0" xmlns="http://schemas.microsoft.com/developer/msbuild/2003">
  <ItemGroup>
    <Filter Include="Source Files">
      <UniqueIdentifier>{4FC737F1-C7A5-4376-A066-2A32D752A2FF}</UniqueIdentifier>
      <Extensions>cpp;c;cc;cxx;def;odl;idl;hpj;bat;asm;asmx</Extensions>
    </Filter>
    <Filter Include="Header Files">
      <UniqueIdentifier>{93995380-89BD-4b04-88EB-625FBE52EBFB}</UniqueIdentifier>
      <Extensions>h;hh;hpp;hxx;hm;inl;inc;ipp;xsd</Extensions>
    </Filter>
    <Filter Include="Resource Files">
      <UniqueIdentifier>{67DA6AB6-F800-4c08-8B7A-83BB121AAD01}</UniqueIdentifier>
      <Extensions>rc;ico;cur;bmp;dlg;rc2;rct;bin;rgs;gif;jpg;jpeg;jpe;resx;tiff;tif;png;wav;mfcribbon-ms</Extensions>
    </Filter>
  </ItemGroup>
  <ItemGroup>
    <None Include=".gitattributes" />
    <None Include=".gitignore" />
    <None Include="lua51.dll" />
    <None Include="res\shaders\planet\tile.vs" />
    <None Include="res\shaders\planet\tile.fs" />
    <None Include="res\default_planet.lua" />
    <None Include="imgui.ini" />
    <None Include="res\default_planet.toml" />
    <None Include="res\shaders\planet\water.fs" />
    <None Include="res\shaders\planet\water.vs" />
    <None Include="res\shaders\atmosphere\atmo.fs" />
    <None Include="res\shaders\atmosphere\atmo.vs" />
    <None Include="res\shaders\atmosphere\cheap.fs" />
    <None Include="res\shaders\atmosphere\cheap.vs" />
    <None Include="res\default_gas.toml" />
    <None Include="res\shaders\debug.vs" />
    <None Include="res\shaders\debug.fs" />
    <None Include="res\shaders\atmosphere\clouds0.fs" />
    <None Include="res\shaders\atmosphere\clouds0.vs" />
    <None Include="res\planets\test_gas\config.toml" />
    <None Include="res\planets\mars\config.toml" />
    <None Include="res\planets\mars\surface.lua" />
    <None Include="res\planets\earth\config.toml" />
    <None Include="res\planets\earth\surface.lua" />
    <None Include="res\shaders\ui\navball.fs" />
    <None Include="res\shaders\ui\navball.vs" />
  </ItemGroup>
  <ItemGroup>
    <ClCompile Include="src\Main.cpp">
      <Filter>Source Files</Filter>
    </ClCompile>
    <ClCompile Include="src\util\Logger.cpp">
      <Filter>Source Files</Filter>
    </ClCompile>
    <ClCompile Include="src\universe\Universe.cpp">
      <Filter>Source Files</Filter>
    </ClCompile>
    <ClCompile Include="dep\imgui\imgui.cpp">
      <Filter>Source Files</Filter>
    </ClCompile>
    <ClCompile Include="dep\imgui\imgui_draw.cpp">
      <Filter>Source Files</Filter>
    </ClCompile>
    <ClCompile Include="dep\imgui\imgui_impl_glfw.cpp">
      <Filter>Source Files</Filter>
    </ClCompile>
    <ClCompile Include="dep\imgui\imgui_impl_opengl3.cpp">
      <Filter>Source Files</Filter>
    </ClCompile>
    <ClCompile Include="dep\glad\glad.c">
      <Filter>Source Files</Filter>
    </ClCompile>
    <ClCompile Include="src\planet_mesher\quadtree\QuadTreeNode.cpp">
      <Filter>Source Files</Filter>
    </ClCompile>
    <ClCompile Include="src\planet_mesher\quadtree\QuadTreePlanet.cpp">
      <Filter>Source Files</Filter>
    </ClCompile>
    <ClCompile Include="src\util\MathUtil.cpp">
      <Filter>Source Files</Filter>
    </ClCompile>
    <ClCompile Include="src\planet_mesher\mesher\PlanetTileServer.cpp">
      <Filter>Source Files</Filter>
    </ClCompile>
    <ClCompile Include="src\planet_mesher\mesher\PlanetTile.cpp">
      <Filter>Source Files</Filter>
    </ClCompile>
    <ClCompile Include="src\planet_mesher\mesher\PlanetTilePath.cpp">
      <Filter>Source Files</Filter>
    </ClCompile>
    <ClCompile Include="src\util\Timer.cpp">
      <Filter>Source Files</Filter>
    </ClCompile>
    <ClCompile Include="src\planet_mesher\renderer\PlanetRenderer.cpp">
      <Filter>Source Files</Filter>
    </ClCompile>
    <ClCompile Include="src\assets\Shader.cpp">
      <Filter>Source Files</Filter>
    </ClCompile>
    <ClCompile Include="src\assets\AssetManager.cpp">
      <Filter>Source Files</Filter>
    </ClCompile>
    <ClCompile Include="src\tools\planet_editor\PlanetEditor.cpp">
      <Filter>Source Files</Filter>
    </ClCompile>
    <ClCompile Include="dep\imgui\imgui_widgets.cpp">
      <Filter>Source Files</Filter>
    </ClCompile>
    <ClCompile Include="dep\imgui\imgui_demo.cpp">
      <Filter>Source Files</Filter>
    </ClCompile>
    <ClCompile Include="dep\TextEditor\TextEditor.cpp">
      <Filter>Source Files</Filter>
    </ClCompile>
    <ClCompile Include="src\tools\planet_editor\EditorCamera.h">
      <Filter>Source Files</Filter>
    </ClCompile>
    <ClCompile Include="dep\FastNoise\FastNoise.cpp">
      <Filter>Source Files</Filter>
    </ClCompile>
    <ClCompile Include="src\atmosphere\AtmosphereRenderer.cpp">
      <Filter>Source Files</Filter>
    </ClCompile>
    <ClCompile Include="src\universe\PlanetarySystem.cpp">
      <Filter>Source Files</Filter>
    </ClCompile>
    <ClCompile Include="src\universe\body\PlanetaryBody.cpp">
      <Filter>Source Files</Filter>
    </ClCompile>
    <ClCompile Include="src\universe\kepler\KeplerElements.cpp">
      <Filter>Source Files</Filter>
    </ClCompile>
    <ClCompile Include="src\renderer\PlanetaryBodyRenderer.cpp">
      <Filter>Source Files</Filter>
    </ClCompile>
    <ClCompile Include="src\renderer\camera\MapCamera.cpp">
      <Filter>Source Files</Filter>
    </ClCompile>
    <ClCompile Include="src\util\DebugDrawer.cpp">
      <Filter>Source Files</Filter>
    </ClCompile>
    <ClCompile Include="src\universe\Date.cpp">
      <Filter>Source Files</Filter>
    </ClCompile>
    <ClCompile Include="src\assets\Image.cpp">
      <Filter>Source Files</Filter>
    </ClCompile>
    <ClCompile Include="dep\stb\stb_impl.cpp">
      <Filter>Source Files</Filter>
    </ClCompile>
    <ClCompile Include="src\universe\SystemElement.cpp">
      <Filter>Source Files</Filter>
    </ClCompile>
    <ClCompile Include="src\universe\vessel\Vessel.cpp">
      <Filter>Source Files</Filter>
    </ClCompile>
    <ClCompile Include="src\universe\propagator\RK4Interpolated.cpp">
      <Filter>Source Files</Filter>
    </ClCompile>
    <ClCompile Include="src\game\ui\Navball.cpp">
      <Filter>Source Files</Filter>
    </ClCompile>
    <ClCompile Include="src\util\render\Framebuffer.cpp">
      <Filter>Source Files</Filter>
    </ClCompile>
    <ClCompile Include="src\util\render\TextureDrawer.cpp">
      <Filter>Source Files</Filter>
    </ClCompile>
  </ItemGroup>
  <ItemGroup>
    <ClInclude Include="dep\sol.hpp">
      <Filter>Header Files</Filter>
    </ClInclude>
    <ClInclude Include="src\util\Logger.h">
      <Filter>Header Files</Filter>
    </ClInclude>
    <ClInclude Include="dep\rang.hpp">
      <Filter>Header Files</Filter>
    </ClInclude>
    <ClInclude Include="src\universe\Universe.h">
      <Filter>Header Files</Filter>
    </ClInclude>
    <ClInclude Include="dep\imgui\imconfig.h">
      <Filter>Header Files</Filter>
    </ClInclude>
    <ClInclude Include="dep\imgui\imgui.h">
      <Filter>Header Files</Filter>
    </ClInclude>
    <ClInclude Include="dep\imgui\imgui_impl_glfw.h">
      <Filter>Header Files</Filter>
    </ClInclude>
    <ClInclude Include="dep\imgui\imgui_impl_opengl3.h">
      <Filter>Header Files</Filter>
    </ClInclude>
    <ClInclude Include="dep\imgui\imgui_internal.h">
      <Filter>Header Files</Filter>
    </ClInclude>
    <ClInclude Include="dep\imgui\stb_rect_pack.h">
      <Filter>Header Files</Filter>
    </ClInclude>
    <ClInclude Include="dep\imgui\stb_textedit.h">
      <Filter>Header Files</Filter>
    </ClInclude>
    <ClInclude Include="dep\imgui\stb_truetype.h">
      <Filter>Header Files</Filter>
    </ClInclude>
    <ClInclude Include="dep\glad\glad.h">
      <Filter>Header Files</Filter>
    </ClInclude>
    <ClInclude Include="dep\glad\KHR.h">
      <Filter>Header Files</Filter>
    </ClInclude>
    <ClInclude Include="src\planet_mesher\quadtree\QuadTreeNode.h">
      <Filter>Header Files</Filter>
    </ClInclude>
    <ClInclude Include="src\planet_mesher\quadtree\QuadTreePlanet.h">
      <Filter>Header Files</Filter>
    </ClInclude>
    <ClInclude Include="src\planet_mesher\quadtree\QuadTreeDefines.h">
      <Filter>Header Files</Filter>
    </ClInclude>
    <ClInclude Include="src\util\MathUtil.h">
      <Filter>Header Files</Filter>
    </ClInclude>
    <ClInclude Include="src\planet_mesher\mesher\PlanetTileServer.h">
      <Filter>Header Files</Filter>
    </ClInclude>
    <ClInclude Include="src\util\ThreadUtil.h">
      <Filter>Header Files</Filter>
    </ClInclude>
    <ClInclude Include="src\planet_mesher\mesher\PlanetTilePath.h">
      <Filter>Header Files</Filter>
    </ClInclude>
    <ClInclude Include="src\util\defines.h">
      <Filter>Header Files</Filter>
    </ClInclude>
    <ClInclude Include="src\planet_mesher\mesher\PlanetTile.h">
      <Filter>Header Files</Filter>
    </ClInclude>
    <ClInclude Include="src\util\Timer.h">
      <Filter>Header Files</Filter>
    </ClInclude>
    <ClInclude Include="src\planet_mesher\renderer\PlanetRenderer.h">
      <Filter>Header Files</Filter>
    </ClInclude>
    <ClInclude Include="src\assets\Shader.h">
      <Filter>Header Files</Filter>
    </ClInclude>
    <ClInclude Include="src\assets\AssetManager.h">
      <Filter>Header Files</Filter>
    </ClInclude>
    <ClInclude Include="src\tools\planet_editor\PlanetEditor.h">
      <Filter>Header Files</Filter>
    </ClInclude>
    <ClInclude Include="dep\imgui\imstb_rectpack.h">
      <Filter>Header Files</Filter>
    </ClInclude>
    <ClInclude Include="dep\imgui\imstb_textedit.h">
      <Filter>Header Files</Filter>
    </ClInclude>
    <ClInclude Include="dep\imgui\imstb_truetype.h">
      <Filter>Header Files</Filter>
    </ClInclude>
    <ClInclude Include="dep\TextEditor\TextEditor.h">
      <Filter>Header Files</Filter>
    </ClInclude>
    <ClInclude Include="dep\cpptoml.h">
      <Filter>Header Files</Filter>
    </ClInclude>
    <ClInclude Include="src\util\SerializeUtil.h">
      <Filter>Header Files</Filter>
    </ClInclude>
    <ClInclude Include="src\util\serializers\glm.h">
      <Filter>Header Files</Filter>
    </ClInclude>
    <ClInclude Include="src\util\FileWatcher.h">
      <Filter>Header Files</Filter>
    </ClInclude>
    <ClInclude Include="src\util\InputUtil.h">
      <Filter>Header Files</Filter>
    </ClInclude>
    <ClInclude Include="dep\FastNoise\FastNoise.h">
      <Filter>Header Files</Filter>
    </ClInclude>
    <ClInclude Include="src\util\lua\LuaNoiseLib.h">
      <Filter>Header Files</Filter>
    </ClInclude>
    <ClInclude Include="src\atmosphere\AtmosphereRenderer.h">
      <Filter>Header Files</Filter>
    </ClInclude>
    <ClInclude Include="src\util\geometry\SphereGeometry.h">
      <Filter>Header Files</Filter>
    </ClInclude>
    <ClInclude Include="src\universe\PlanetarySystem.h">
      <Filter>Header Files</Filter>
    </ClInclude>
    <ClInclude Include="src\universe\body\PlanetaryBody.h">
      <Filter>Header Files</Filter>
    </ClInclude>
    <ClInclude Include="src\universe\kepler\KeplerElements.h">
      <Filter>Header Files</Filter>
    </ClInclude>
    <ClInclude Include="src\universe\PlanetarySystemSerializer.h">
      <Filter>Header Files</Filter>
    </ClInclude>
    <ClInclude Include="src\renderer\PlanetaryBodyRenderer.h">
      <Filter>Header Files</Filter>
    </ClInclude>
    <ClInclude Include="src\universe\body\config\PlanetConfig.h">
      <Filter>Header Files</Filter>
    </ClInclude>
    <ClInclude Include="src\universe\body\config\AtmoConfig.h">
      <Filter>Header Files</Filter>
    </ClInclude>
    <ClInclude Include="src\universe\body\config\SurfaceConfig.h">
      <Filter>Header Files</Filter>
    </ClInclude>
    <ClInclude Include="src\universe\body\config\GasConfig.h">
      <Filter>Header Files</Filter>
    </ClInclude>
    <ClInclude Include="src\renderer\camera\MapCamera.h">
      <Filter>Header Files</Filter>
    </ClInclude>
    <ClInclude Include="src\util\DebugDrawer.h">
      <Filter>Header Files</Filter>
    </ClInclude>
    <ClInclude Include="src\universe\Date.h">
      <Filter>Header Files</Filter>
    </ClInclude>
    <ClInclude Include="src\util\lua\LuaUtilLib.h">
      <Filter>Header Files</Filter>
    </ClInclude>
    <ClInclude Include="src\assets\Image.h">
      <Filter>Header Files</Filter>
    </ClInclude>
    <ClInclude Include="dep\stb\stb_image.h">
      <Filter>Header Files</Filter>
    </ClInclude>
    <ClInclude Include="src\universe\SystemElement.h">
      <Filter>Header Files</Filter>
    </ClInclude>
    <ClInclude Include="src\universe\vessel\Vessel.h">
      <Filter>Header Files</Filter>
    </ClInclude>
    <ClInclude Include="src\universe\propagator\SystemPropagator.h">
      <Filter>Header Files</Filter>
    </ClInclude>
    <ClInclude Include="src\universe\propagator\RK4Interpolated.h">
      <Filter>Header Files</Filter>
    </ClInclude>
    <ClInclude Include="src\universe\UniverseDefinitions.h">
      <Filter>Header Files</Filter>
    </ClInclude>
    <ClInclude Include="src\game\ui\Navball.h">
      <Filter>Header Files</Filter>
    </ClInclude>
    <ClInclude Include="src\util\render\Framebuffer.h">
      <Filter>Header Files</Filter>
    </ClInclude>
    <ClInclude Include="src\util\render\TextureDrawer.h">
      <Filter>Header Files</Filter>
    </ClInclude>
  </ItemGroup>
  <ItemGroup>
    <Text Include="output.log" />
  </ItemGroup>
</Project>